
Microsoft Visual Studio Solution File, Format Version 12.00
# Visual Studio 15
VisualStudioVersion = 15.0.27703.2035
MinimumVisualStudioVersion = 10.0.40219.1
Project("{FAE04EC0-301F-11D3-BF4B-00C04F79EFBC}") = "Helloworld", "Helloworld\Helloworld.csproj", "{BC3A441E-1110-48A5-8C34-4B5C66AEC16E}"
EndProject
Global
	GlobalSection(SolutionConfigurationPlatforms) = preSolution
		Debug|Any CPU = Debug|Any CPU
		Release|Any CPU = Release|Any CPU
	EndGlobalSection
	GlobalSection(ProjectConfigurationPlatforms) = postSolution
		{BC3A441E-1110-48A5-8C34-4B5C66AEC16E}.Debug|Any CPU.ActiveCfg = Debug|Any CPU
		{BC3A441E-1110-48A5-8C34-4B5C66AEC16E}.Debug|Any CPU.Build.0 = Debug|Any CPU
		{BC3A441E-1110-48A5-8C34-4B5C66AEC16E}.Release|Any CPU.ActiveCfg = Release|Any CPU
		{BC3A441E-1110-48A5-8C34-4B5C66AEC16E}.Release|Any CPU.Build.0 = Release|Any CPU
	EndGlobalSection
	GlobalSection(SolutionProperties) = preSolution
		HideSolutionNode = FALSE
	EndGlobalSection
	GlobalSection(ExtensibilityGlobals) = postSolution
		SolutionGuid = {B1A482F4-FA8F-4246-B355-6689F0AF0B50}
	EndGlobalSection
EndGlobal
